// !$*UTF8*$!
{
	archiveVersion = 1;
	classes = {
	};
	objectVersion = 51;
	objects = {

/* Begin PBXBuildFile section */
		78DDE555D7A743ADBC11D6B5 /* Pods_app.framework in Frameworks */ = {isa = PBXBuildFile; fileRef = 30802067C07546F36DE29E86 /* Pods_app.framework */; };
		EA9B025B24027DDD006A5760 /* AppDelegate.swift in Sources */ = {isa = PBXBuildFile; fileRef = EA9B025A24027DDD006A5760 /* AppDelegate.swift */; };
		EA9B025D24027DDD006A5760 /* ViewController.swift in Sources */ = {isa = PBXBuildFile; fileRef = EA9B025C24027DDD006A5760 /* ViewController.swift */; };
		EA9B026024027DDD006A5760 /* Main.storyboard in Resources */ = {isa = PBXBuildFile; fileRef = EA9B025E24027DDD006A5760 /* Main.storyboard */; };
		EA9B026224027DDF006A5760 /* Assets.xcassets in Resources */ = {isa = PBXBuildFile; fileRef = EA9B026124027DDF006A5760 /* Assets.xcassets */; };
		EA9B026524027DDF006A5760 /* LaunchScreen.storyboard in Resources */ = {isa = PBXBuildFile; fileRef = EA9B026324027DDF006A5760 /* LaunchScreen.storyboard */; };
		EA9B027024027DDF006A5760 /* appTests.swift in Sources */ = {isa = PBXBuildFile; fileRef = EA9B026F24027DDF006A5760 /* appTests.swift */; };
		EA9B027B24027DDF006A5760 /* appUITests.swift in Sources */ = {isa = PBXBuildFile; fileRef = EA9B027A24027DDF006A5760 /* appUITests.swift */; };
		EA9B05152402C889006A5760 /* MqttLibrary.framework in Frameworks */ = {isa = PBXBuildFile; fileRef = EA9B05142402C889006A5760 /* MqttLibrary.framework */; };
		EA9B05162402C889006A5760 /* MqttLibrary.framework in Embed Frameworks */ = {isa = PBXBuildFile; fileRef = EA9B05142402C889006A5760 /* MqttLibrary.framework */; settings = {ATTRIBUTES = (CodeSignOnCopy, RemoveHeadersOnCopy, ); }; };
/* End PBXBuildFile section */

/* Begin PBXContainerItemProxy section */
		EA9B026C24027DDF006A5760 /* PBXContainerItemProxy */ = {
			isa = PBXContainerItemProxy;
			containerPortal = EA9B024F24027DDD006A5760 /* Project object */;
			proxyType = 1;
			remoteGlobalIDString = EA9B025624027DDD006A5760;
			remoteInfo = app;
		};
		EA9B027724027DDF006A5760 /* PBXContainerItemProxy */ = {
			isa = PBXContainerItemProxy;
			containerPortal = EA9B024F24027DDD006A5760 /* Project object */;
			proxyType = 1;
			remoteGlobalIDString = EA9B025624027DDD006A5760;
			remoteInfo = app;
		};
/* End PBXContainerItemProxy section */

/* Begin PBXCopyFilesBuildPhase section */
		EA9B05172402C889006A5760 /* Embed Frameworks */ = {
			isa = PBXCopyFilesBuildPhase;
			buildActionMask = 2147483647;
			dstPath = "";
			dstSubfolderSpec = 10;
			files = (
				EA9B05162402C889006A5760 /* MqttLibrary.framework in Embed Frameworks */,
			);
			name = "Embed Frameworks";
			runOnlyForDeploymentPostprocessing = 0;
		};
/* End PBXCopyFilesBuildPhase section */

/* Begin PBXFileReference section */
		004D997445074C8523EFE13F /* Pods-app.debug.xcconfig */ = {isa = PBXFileReference; includeInIndex = 1; lastKnownFileType = text.xcconfig; name = "Pods-app.debug.xcconfig"; path = "Target Support Files/Pods-app/Pods-app.debug.xcconfig"; sourceTree = "<group>"; };
		074F010BBDD0750988CB6EAB /* Pods-app.release.xcconfig */ = {isa = PBXFileReference; includeInIndex = 1; lastKnownFileType = text.xcconfig; name = "Pods-app.release.xcconfig"; path = "Target Support Files/Pods-app/Pods-app.release.xcconfig"; sourceTree = "<group>"; };
		30802067C07546F36DE29E86 /* Pods_app.framework */ = {isa = PBXFileReference; explicitFileType = wrapper.framework; includeInIndex = 0; path = Pods_app.framework; sourceTree = BUILT_PRODUCTS_DIR; };
		EA9B025724027DDD006A5760 /* app.app */ = {isa = PBXFileReference; explicitFileType = wrapper.application; includeInIndex = 0; path = app.app; sourceTree = BUILT_PRODUCTS_DIR; };
		EA9B025A24027DDD006A5760 /* AppDelegate.swift */ = {isa = PBXFileReference; lastKnownFileType = sourcecode.swift; path = AppDelegate.swift; sourceTree = "<group>"; };
		EA9B025C24027DDD006A5760 /* ViewController.swift */ = {isa = PBXFileReference; lastKnownFileType = sourcecode.swift; path = ViewController.swift; sourceTree = "<group>"; };
		EA9B025F24027DDD006A5760 /* Base */ = {isa = PBXFileReference; lastKnownFileType = file.storyboard; name = Base; path = Base.lproj/Main.storyboard; sourceTree = "<group>"; };
		EA9B026124027DDF006A5760 /* Assets.xcassets */ = {isa = PBXFileReference; lastKnownFileType = folder.assetcatalog; path = Assets.xcassets; sourceTree = "<group>"; };
		EA9B026424027DDF006A5760 /* Base */ = {isa = PBXFileReference; lastKnownFileType = file.storyboard; name = Base; path = Base.lproj/LaunchScreen.storyboard; sourceTree = "<group>"; };
		EA9B026624027DDF006A5760 /* Info.plist */ = {isa = PBXFileReference; lastKnownFileType = text.plist.xml; path = Info.plist; sourceTree = "<group>"; };
		EA9B026B24027DDF006A5760 /* appTests.xctest */ = {isa = PBXFileReference; explicitFileType = wrapper.cfbundle; includeInIndex = 0; path = appTests.xctest; sourceTree = BUILT_PRODUCTS_DIR; };
		EA9B026F24027DDF006A5760 /* appTests.swift */ = {isa = PBXFileReference; lastKnownFileType = sourcecode.swift; path = appTests.swift; sourceTree = "<group>"; };
		EA9B027124027DDF006A5760 /* Info.plist */ = {isa = PBXFileReference; lastKnownFileType = text.plist.xml; path = Info.plist; sourceTree = "<group>"; };
		EA9B027624027DDF006A5760 /* appUITests.xctest */ = {isa = PBXFileReference; explicitFileType = wrapper.cfbundle; includeInIndex = 0; path = appUITests.xctest; sourceTree = BUILT_PRODUCTS_DIR; };
		EA9B027A24027DDF006A5760 /* appUITests.swift */ = {isa = PBXFileReference; lastKnownFileType = sourcecode.swift; path = appUITests.swift; sourceTree = "<group>"; };
		EA9B027C24027DDF006A5760 /* Info.plist */ = {isa = PBXFileReference; lastKnownFileType = text.plist.xml; path = Info.plist; sourceTree = "<group>"; };
		EA9B05142402C889006A5760 /* MqttLibrary.framework */ = {isa = PBXFileReference; explicitFileType = wrapper.framework; path = MqttLibrary.framework; sourceTree = BUILT_PRODUCTS_DIR; };
/* End PBXFileReference section */

/* Begin PBXFrameworksBuildPhase section */
		EA9B025424027DDD006A5760 /* Frameworks */ = {
			isa = PBXFrameworksBuildPhase;
			buildActionMask = 2147483647;
			files = (
				EA9B05152402C889006A5760 /* MqttLibrary.framework in Frameworks */,
				78DDE555D7A743ADBC11D6B5 /* Pods_app.framework in Frameworks */,
			);
			runOnlyForDeploymentPostprocessing = 0;
		};
		EA9B026824027DDF006A5760 /* Frameworks */ = {
			isa = PBXFrameworksBuildPhase;
			buildActionMask = 2147483647;
			files = (
			);
			runOnlyForDeploymentPostprocessing = 0;
		};
		EA9B027324027DDF006A5760 /* Frameworks */ = {
			isa = PBXFrameworksBuildPhase;
			buildActionMask = 2147483647;
			files = (
			);
			runOnlyForDeploymentPostprocessing = 0;
		};
/* End PBXFrameworksBuildPhase section */

/* Begin PBXGroup section */
		68F5F5FA4D5479B286B6E92E /* Pods */ = {
			isa = PBXGroup;
			children = (
				004D997445074C8523EFE13F /* Pods-app.debug.xcconfig */,
				074F010BBDD0750988CB6EAB /* Pods-app.release.xcconfig */,
			);
			name = Pods;
			path = ../Pods;
			sourceTree = "<group>";
		};
		DDA0FE4A7D226492C7B33A1A /* Frameworks */ = {
			isa = PBXGroup;
			children = (
				30802067C07546F36DE29E86 /* Pods_app.framework */,
			);
			name = Frameworks;
			sourceTree = "<group>";
		};
		EA9B024E24027DDD006A5760 = {
			isa = PBXGroup;
			children = (
				EA9B05142402C889006A5760 /* MqttLibrary.framework */,
				EA9B025924027DDD006A5760 /* app */,
				EA9B026E24027DDF006A5760 /* appTests */,
				EA9B027924027DDF006A5760 /* appUITests */,
				EA9B025824027DDD006A5760 /* Products */,
				68F5F5FA4D5479B286B6E92E /* Pods */,
				DDA0FE4A7D226492C7B33A1A /* Frameworks */,
			);
			sourceTree = "<group>";
		};
		EA9B025824027DDD006A5760 /* Products */ = {
			isa = PBXGroup;
			children = (
				EA9B025724027DDD006A5760 /* app.app */,
				EA9B026B24027DDF006A5760 /* appTests.xctest */,
				EA9B027624027DDF006A5760 /* appUITests.xctest */,
			);
			name = Products;
			sourceTree = "<group>";
		};
		EA9B025924027DDD006A5760 /* app */ = {
			isa = PBXGroup;
			children = (
				EA9B025A24027DDD006A5760 /* AppDelegate.swift */,
				EA9B025C24027DDD006A5760 /* ViewController.swift */,
				EA9B025E24027DDD006A5760 /* Main.storyboard */,
				EA9B026124027DDF006A5760 /* Assets.xcassets */,
				EA9B026324027DDF006A5760 /* LaunchScreen.storyboard */,
				EA9B026624027DDF006A5760 /* Info.plist */,
			);
			path = app;
			sourceTree = "<group>";
		};
		EA9B026E24027DDF006A5760 /* appTests */ = {
			isa = PBXGroup;
			children = (
				EA9B026F24027DDF006A5760 /* appTests.swift */,
				EA9B027124027DDF006A5760 /* Info.plist */,
			);
			path = appTests;
			sourceTree = "<group>";
		};
		EA9B027924027DDF006A5760 /* appUITests */ = {
			isa = PBXGroup;
			children = (
				EA9B027A24027DDF006A5760 /* appUITests.swift */,
				EA9B027C24027DDF006A5760 /* Info.plist */,
			);
			path = appUITests;
			sourceTree = "<group>";
		};
/* End PBXGroup section */

/* Begin PBXNativeTarget section */
		EA9B025624027DDD006A5760 /* app */ = {
			isa = PBXNativeTarget;
			buildConfigurationList = EA9B027F24027DDF006A5760 /* Build configuration list for PBXNativeTarget "app" */;
			buildPhases = (
				3D045038040559980A7A7301 /* [CP] Check Pods Manifest.lock */,
				EA9B025324027DDD006A5760 /* Sources */,
				EA9B025424027DDD006A5760 /* Frameworks */,
				EA9B025524027DDD006A5760 /* Resources */,
				A1E86005DD68FBF766C54858 /* [CP] Embed Pods Frameworks */,
				EA9B05172402C889006A5760 /* Embed Frameworks */,
			);
			buildRules = (
			);
			dependencies = (
			);
			name = app;
			productName = app;
			productReference = EA9B025724027DDD006A5760 /* app.app */;
			productType = "com.apple.product-type.application";
		};
		EA9B026A24027DDF006A5760 /* appTests */ = {
			isa = PBXNativeTarget;
			buildConfigurationList = EA9B028224027DDF006A5760 /* Build configuration list for PBXNativeTarget "appTests" */;
			buildPhases = (
				EA9B026724027DDF006A5760 /* Sources */,
				EA9B026824027DDF006A5760 /* Frameworks */,
				EA9B026924027DDF006A5760 /* Resources */,
			);
			buildRules = (
			);
			dependencies = (
				EA9B026D24027DDF006A5760 /* PBXTargetDependency */,
			);
			name = appTests;
			productName = appTests;
			productReference = EA9B026B24027DDF006A5760 /* appTests.xctest */;
			productType = "com.apple.product-type.bundle.unit-test";
		};
		EA9B027524027DDF006A5760 /* appUITests */ = {
			isa = PBXNativeTarget;
			buildConfigurationList = EA9B028524027DDF006A5760 /* Build configuration list for PBXNativeTarget "appUITests" */;
			buildPhases = (
				EA9B027224027DDF006A5760 /* Sources */,
				EA9B027324027DDF006A5760 /* Frameworks */,
				EA9B027424027DDF006A5760 /* Resources */,
			);
			buildRules = (
			);
			dependencies = (
				EA9B027824027DDF006A5760 /* PBXTargetDependency */,
			);
			name = appUITests;
			productName = appUITests;
			productReference = EA9B027624027DDF006A5760 /* appUITests.xctest */;
			productType = "com.apple.product-type.bundle.ui-testing";
		};
/* End PBXNativeTarget section */

/* Begin PBXProject section */
		EA9B024F24027DDD006A5760 /* Project object */ = {
			isa = PBXProject;
			attributes = {
				LastSwiftUpdateCheck = 1020;
				LastUpgradeCheck = 1020;
				ORGANIZATIONNAME = Key.Yao;
				TargetAttributes = {
					EA9B025624027DDD006A5760 = {
						CreatedOnToolsVersion = 10.2.1;
					};
					EA9B026A24027DDF006A5760 = {
						CreatedOnToolsVersion = 10.2.1;
						TestTargetID = EA9B025624027DDD006A5760;
					};
					EA9B027524027DDF006A5760 = {
						CreatedOnToolsVersion = 10.2.1;
						TestTargetID = EA9B025624027DDD006A5760;
					};
				};
			};
			buildConfigurationList = EA9B025224027DDD006A5760 /* Build configuration list for PBXProject "app" */;
			compatibilityVersion = "Xcode 9.3";
			developmentRegion = en;
			hasScannedForEncodings = 0;
			knownRegions = (
				en,
				Base,
			);
			mainGroup = EA9B024E24027DDD006A5760;
			productRefGroup = EA9B025824027DDD006A5760 /* Products */;
			projectDirPath = "";
			projectRoot = "";
			targets = (
				EA9B025624027DDD006A5760 /* app */,
				EA9B026A24027DDF006A5760 /* appTests */,
				EA9B027524027DDF006A5760 /* appUITests */,
			);
		};
/* End PBXProject section */

/* Begin PBXResourcesBuildPhase section */
		EA9B025524027DDD006A5760 /* Resources */ = {
			isa = PBXResourcesBuildPhase;
			buildActionMask = 2147483647;
			files = (
				EA9B026524027DDF006A5760 /* LaunchScreen.storyboard in Resources */,
				EA9B026224027DDF006A5760 /* Assets.xcassets in Resources */,
				EA9B026024027DDD006A5760 /* Main.storyboard in Resources */,
			);
			runOnlyForDeploymentPostprocessing = 0;
		};
		EA9B026924027DDF006A5760 /* Resources */ = {
			isa = PBXResourcesBuildPhase;
			buildActionMask = 2147483647;
			files = (
			);
			runOnlyForDeploymentPostprocessing = 0;
		};
		EA9B027424027DDF006A5760 /* Resources */ = {
			isa = PBXResourcesBuildPhase;
			buildActionMask = 2147483647;
			files = (
			);
			runOnlyForDeploymentPostprocessing = 0;
		};
/* End PBXResourcesBuildPhase section */

/* Begin PBXShellScriptBuildPhase section */
		3D045038040559980A7A7301 /* [CP] Check Pods Manifest.lock */ = {
			isa = PBXShellScriptBuildPhase;
			buildActionMask = 2147483647;
			files = (
			);
			inputFileListPaths = (
			);
			inputPaths = (
				"${PODS_PODFILE_DIR_PATH}/Podfile.lock",
				"${PODS_ROOT}/Manifest.lock",
			);
			name = "[CP] Check Pods Manifest.lock";
			outputFileListPaths = (
			);
			outputPaths = (
				"$(DERIVED_FILE_DIR)/Pods-app-checkManifestLockResult.txt",
			);
			runOnlyForDeploymentPostprocessing = 0;
			shellPath = /bin/sh;
			shellScript = "diff \"${PODS_PODFILE_DIR_PATH}/Podfile.lock\" \"${PODS_ROOT}/Manifest.lock\" > /dev/null\nif [ $? != 0 ] ; then\n    # print error to STDERR\n    echo \"error: The sandbox is not in sync with the Podfile.lock. Run 'pod install' or update your CocoaPods installation.\" >&2\n    exit 1\nfi\n# This output is used by Xcode 'outputs' to avoid re-running this script phase.\necho \"SUCCESS\" > \"${SCRIPT_OUTPUT_FILE_0}\"\n";
			showEnvVarsInLog = 0;
		};
		A1E86005DD68FBF766C54858 /* [CP] Embed Pods Frameworks */ = {
			isa = PBXShellScriptBuildPhase;
			buildActionMask = 2147483647;
			files = (
			);
			inputFileListPaths = (
				"${PODS_ROOT}/Target Support Files/Pods-app/Pods-app-frameworks-${CONFIGURATION}-input-files.xcfilelist",
			);
			name = "[CP] Embed Pods Frameworks";
			outputFileListPaths = (
				"${PODS_ROOT}/Target Support Files/Pods-app/Pods-app-frameworks-${CONFIGURATION}-output-files.xcfilelist",
			);
			runOnlyForDeploymentPostprocessing = 0;
			shellPath = /bin/sh;
			shellScript = "\"${PODS_ROOT}/Target Support Files/Pods-app/Pods-app-frameworks.sh\"\n";
			showEnvVarsInLog = 0;
		};
/* End PBXShellScriptBuildPhase section */

/* Begin PBXSourcesBuildPhase section */
		EA9B025324027DDD006A5760 /* Sources */ = {
			isa = PBXSourcesBuildPhase;
			buildActionMask = 2147483647;
			files = (
				EA9B025D24027DDD006A5760 /* ViewController.swift in Sources */,
				EA9B025B24027DDD006A5760 /* AppDelegate.swift in Sources */,
			);
			runOnlyForDeploymentPostprocessing = 0;
		};
		EA9B026724027DDF006A5760 /* Sources */ = {
			isa = PBXSourcesBuildPhase;
			buildActionMask = 2147483647;
			files = (
				EA9B027024027DDF006A5760 /* appTests.swift in Sources */,
			);
			runOnlyForDeploymentPostprocessing = 0;
		};
		EA9B027224027DDF006A5760 /* Sources */ = {
			isa = PBXSourcesBuildPhase;
			buildActionMask = 2147483647;
			files = (
				EA9B027B24027DDF006A5760 /* appUITests.swift in Sources */,
			);
			runOnlyForDeploymentPostprocessing = 0;
		};
/* End PBXSourcesBuildPhase section */

/* Begin PBXTargetDependency section */
		EA9B026D24027DDF006A5760 /* PBXTargetDependency */ = {
			isa = PBXTargetDependency;
			target = EA9B025624027DDD006A5760 /* app */;
			targetProxy = EA9B026C24027DDF006A5760 /* PBXContainerItemProxy */;
		};
		EA9B027824027DDF006A5760 /* PBXTargetDependency */ = {
			isa = PBXTargetDependency;
			target = EA9B025624027DDD006A5760 /* app */;
			targetProxy = EA9B027724027DDF006A5760 /* PBXContainerItemProxy */;
		};
/* End PBXTargetDependency section */

/* Begin PBXVariantGroup section */
		EA9B025E24027DDD006A5760 /* Main.storyboard */ = {
			isa = PBXVariantGroup;
			children = (
				EA9B025F24027DDD006A5760 /* Base */,
			);
			name = Main.storyboard;
			sourceTree = "<group>";
		};
		EA9B026324027DDF006A5760 /* LaunchScreen.storyboard */ = {
			isa = PBXVariantGroup;
			children = (
				EA9B026424027DDF006A5760 /* Base */,
			);
			name = LaunchScreen.storyboard;
			sourceTree = "<group>";
		};
/* End PBXVariantGroup section */

/* Begin XCBuildConfiguration section */
		EA9B027D24027DDF006A5760 /* Debug */ = {
			isa = XCBuildConfiguration;
			buildSettings = {
				ALWAYS_SEARCH_USER_PATHS = NO;
				CLANG_ANALYZER_NONNULL = YES;
				CLANG_ANALYZER_NUMBER_OBJECT_CONVERSION = YES_AGGRESSIVE;
				CLANG_CXX_LANGUAGE_STANDARD = "gnu++14";
				CLANG_CXX_LIBRARY = "libc++";
				CLANG_ENABLE_MODULES = YES;
				CLANG_ENABLE_OBJC_ARC = YES;
				CLANG_ENABLE_OBJC_WEAK = YES;
				CLANG_WARN_BLOCK_CAPTURE_AUTORELEASING = YES;
				CLANG_WARN_BOOL_CONVERSION = YES;
				CLANG_WARN_COMMA = YES;
				CLANG_WARN_CONSTANT_CONVERSION = YES;
				CLANG_WARN_DEPRECATED_OBJC_IMPLEMENTATIONS = YES;
				CLANG_WARN_DIRECT_OBJC_ISA_USAGE = YES_ERROR;
				CLANG_WARN_DOCUMENTATION_COMMENTS = YES;
				CLANG_WARN_EMPTY_BODY = YES;
				CLANG_WARN_ENUM_CONVERSION = YES;
				CLANG_WARN_INFINITE_RECURSION = YES;
				CLANG_WARN_INT_CONVERSION = YES;
				CLANG_WARN_NON_LITERAL_NULL_CONVERSION = YES;
				CLANG_WARN_OBJC_IMPLICIT_RETAIN_SELF = YES;
				CLANG_WARN_OBJC_LITERAL_CONVERSION = YES;
				CLANG_WARN_OBJC_ROOT_CLASS = YES_ERROR;
				CLANG_WARN_RANGE_LOOP_ANALYSIS = YES;
				CLANG_WARN_STRICT_PROTOTYPES = YES;
				CLANG_WARN_SUSPICIOUS_MOVE = YES;
				CLANG_WARN_UNGUARDED_AVAILABILITY = YES_AGGRESSIVE;
				CLANG_WARN_UNREACHABLE_CODE = YES;
				CLANG_WARN__DUPLICATE_METHOD_MATCH = YES;
				CODE_SIGN_IDENTITY = "iPhone Developer";
				COPY_PHASE_STRIP = NO;
				DEBUG_INFORMATION_FORMAT = dwarf;
				ENABLE_STRICT_OBJC_MSGSEND = YES;
				ENABLE_TESTABILITY = YES;
				GCC_C_LANGUAGE_STANDARD = gnu11;
				GCC_DYNAMIC_NO_PIC = NO;
				GCC_NO_COMMON_BLOCKS = YES;
				GCC_OPTIMIZATION_LEVEL = 0;
				GCC_PREPROCESSOR_DEFINITIONS = (
					"DEBUG=1",
					"$(inherited)",
				);
				GCC_WARN_64_TO_32_BIT_CONVERSION = YES;
				GCC_WARN_ABOUT_RETURN_TYPE = YES_ERROR;
				GCC_WARN_UNDECLARED_SELECTOR = YES;
				GCC_WARN_UNINITIALIZED_AUTOS = YES_AGGRESSIVE;
				GCC_WARN_UNUSED_FUNCTION = YES;
				GCC_WARN_UNUSED_VARIABLE = YES;
				IPHONEOS_DEPLOYMENT_TARGET = 12.2;
				MTL_ENABLE_DEBUG_INFO = INCLUDE_SOURCE;
				MTL_FAST_MATH = YES;
				ONLY_ACTIVE_ARCH = YES;
				SDKROOT = iphoneos;
				SWIFT_ACTIVE_COMPILATION_CONDITIONS = DEBUG;
				SWIFT_OPTIMIZATION_LEVEL = "-Onone";
			};
			name = Debug;
		};
		EA9B027E24027DDF006A5760 /* Release */ = {
			isa = XCBuildConfiguration;
			buildSettings = {
				ALWAYS_SEARCH_USER_PATHS = NO;
				CLANG_ANALYZER_NONNULL = YES;
				CLANG_ANALYZER_NUMBER_OBJECT_CONVERSION = YES_AGGRESSIVE;
				CLANG_CXX_LANGUAGE_STANDARD = "gnu++14";
				CLANG_CXX_LIBRARY = "libc++";
				CLANG_ENABLE_MODULES = YES;
				CLANG_ENABLE_OBJC_ARC = YES;
				CLANG_ENABLE_OBJC_WEAK = YES;
				CLANG_WARN_BLOCK_CAPTURE_AUTORELEASING = YES;
				CLANG_WARN_BOOL_CONVERSION = YES;
				CLANG_WARN_COMMA = YES;
				CLANG_WARN_CONSTANT_CONVERSION = YES;
				CLANG_WARN_DEPRECATED_OBJC_IMPLEMENTATIONS = YES;
				CLANG_WARN_DIRECT_OBJC_ISA_USAGE = YES_ERROR;
				CLANG_WARN_DOCUMENTATION_COMMENTS = YES;
				CLANG_WARN_EMPTY_BODY = YES;
				CLANG_WARN_ENUM_CONVERSION = YES;
				CLANG_WARN_INFINITE_RECURSION = YES;
				CLANG_WARN_INT_CONVERSION = YES;
				CLANG_WARN_NON_LITERAL_NULL_CONVERSION = YES;
				CLANG_WARN_OBJC_IMPLICIT_RETAIN_SELF = YES;
				CLANG_WARN_OBJC_LITERAL_CONVERSION = YES;
				CLANG_WARN_OBJC_ROOT_CLASS = YES_ERROR;
				CLANG_WARN_RANGE_LOOP_ANALYSIS = YES;
				CLANG_WARN_STRICT_PROTOTYPES = YES;
				CLANG_WARN_SUSPICIOUS_MOVE = YES;
				CLANG_WARN_UNGUARDED_AVAILABILITY = YES_AGGRESSIVE;
				CLANG_WARN_UNREACHABLE_CODE = YES;
				CLANG_WARN__DUPLICATE_METHOD_MATCH = YES;
				CODE_SIGN_IDENTITY = "iPhone Developer";
				COPY_PHASE_STRIP = NO;
				DEBUG_INFORMATION_FORMAT = "dwarf-with-dsym";
				ENABLE_NS_ASSERTIONS = NO;
				ENABLE_STRICT_OBJC_MSGSEND = YES;
				GCC_C_LANGUAGE_STANDARD = gnu11;
				GCC_NO_COMMON_BLOCKS = YES;
				GCC_WARN_64_TO_32_BIT_CONVERSION = YES;
				GCC_WARN_ABOUT_RETURN_TYPE = YES_ERROR;
				GCC_WARN_UNDECLARED_SELECTOR = YES;
				GCC_WARN_UNINITIALIZED_AUTOS = YES_AGGRESSIVE;
				GCC_WARN_UNUSED_FUNCTION = YES;
				GCC_WARN_UNUSED_VARIABLE = YES;
				IPHONEOS_DEPLOYMENT_TARGET = 12.2;
				MTL_ENABLE_DEBUG_INFO = NO;
				MTL_FAST_MATH = YES;
				SDKROOT = iphoneos;
				SWIFT_COMPILATION_MODE = wholemodule;
				SWIFT_OPTIMIZATION_LEVEL = "-O";
				VALIDATE_PRODUCT = YES;
			};
			name = Release;
		};
		EA9B028024027DDF006A5760 /* Debug */ = {
			isa = XCBuildConfiguration;
			baseConfigurationReference = 004D997445074C8523EFE13F /* Pods-app.debug.xcconfig */;
			buildSettings = {
				ASSETCATALOG_COMPILER_APPICON_NAME = AppIcon;
				CODE_SIGN_STYLE = Automatic;
				DEVELOPMENT_TEAM = ETVWL5X8T9;
				INFOPLIST_FILE = app/Info.plist;
				IPHONEOS_DEPLOYMENT_TARGET = 10.0;
				LD_RUNPATH_SEARCH_PATHS = (
					"$(inherited)",
					"@executable_path/Frameworks",
				);
				PRODUCT_BUNDLE_IDENTIFIER = moe.key.yao.mqtt.app;
				PRODUCT_NAME = "$(TARGET_NAME)";
				SWIFT_VERSION = 5.0;
				TARGETED_DEVICE_FAMILY = "1,2";
			};
			name = Debug;
		};
		EA9B028124027DDF006A5760 /* Release */ = {
			isa = XCBuildConfiguration;
			baseConfigurationReference = 074F010BBDD0750988CB6EAB /* Pods-app.release.xcconfig */;
			buildSettings = {
				ASSETCATALOG_COMPILER_APPICON_NAME = AppIcon;
				CODE_SIGN_STYLE = Automatic;
				DEVELOPMENT_TEAM = ETVWL5X8T9;
				INFOPLIST_FILE = app/Info.plist;
				IPHONEOS_DEPLOYMENT_TARGET = 10.0;
				LD_RUNPATH_SEARCH_PATHS = (
					"$(inherited)",
					"@executable_path/Frameworks",
				);
				PRODUCT_BUNDLE_IDENTIFIER = moe.key.yao.mqtt.app;
				PRODUCT_NAME = "$(TARGET_NAME)";
				SWIFT_VERSION = 5.0;
				TARGETED_DEVICE_FAMILY = "1,2";
			};
			name = Release;
		};
		EA9B028324027DDF006A5760 /* Debug */ = {
			isa = XCBuildConfiguration;
			buildSettings = {
				ALWAYS_EMBED_SWIFT_STANDARD_LIBRARIES = YES;
				BUNDLE_LOADER = "$(TEST_HOST)";
				CODE_SIGN_STYLE = Automatic;
				DEVELOPMENT_TEAM = ETVWL5X8T9;
				INFOPLIST_FILE = appTests/Info.plist;
				LD_RUNPATH_SEARCH_PATHS = (
					"$(inherited)",
					"@executable_path/Frameworks",
					"@loader_path/Frameworks",
				);
				PRODUCT_BUNDLE_IDENTIFIER = moe.key.yao.mqtt.appTests;
				PRODUCT_NAME = "$(TARGET_NAME)";
				SWIFT_VERSION = 5.0;
				TARGETED_DEVICE_FAMILY = "1,2";
				TEST_HOST = "$(BUILT_PRODUCTS_DIR)/app.app/app";
			};
			name = Debug;
		};
		EA9B028424027DDF006A5760 /* Release */ = {
			isa = XCBuildConfiguration;
			buildSettings = {
				ALWAYS_EMBED_SWIFT_STANDARD_LIBRARIES = YES;
				BUNDLE_LOADER = "$(TEST_HOST)";
				CODE_SIGN_STYLE = Automatic;
				DEVELOPMENT_TEAM = ETVWL5X8T9;
				INFOPLIST_FILE = appTests/Info.plist;
				LD_RUNPATH_SEARCH_PATHS = (
					"$(inherited)",
					"@executable_path/Frameworks",
					"@loader_path/Frameworks",
				);
				PRODUCT_BUNDLE_IDENTIFIER = moe.key.yao.mqtt.appTests;
				PRODUCT_NAME = "$(TARGET_NAME)";
				SWIFT_VERSION = 5.0;
				TARGETED_DEVICE_FAMILY = "1,2";
				TEST_HOST = "$(BUILT_PRODUCTS_DIR)/app.app/app";
			};
			name = Release;
		};
		EA9B028624027DDF006A5760 /* Debug */ = {
			isa = XCBuildConfiguration;
			buildSettings = {
				ALWAYS_EMBED_SWIFT_STANDARD_LIBRARIES = YES;
				CODE_SIGN_STYLE = Automatic;
				DEVELOPMENT_TEAM = ETVWL5X8T9;
				INFOPLIST_FILE = appUITests/Info.plist;
				LD_RUNPATH_SEARCH_PATHS = (
					"$(inherited)",
					"@executable_path/Frameworks",
					"@loader_path/Frameworks",
				);
				PRODUCT_BUNDLE_IDENTIFIER = moe.key.yao.mqtt.appUITests;
				PRODUCT_NAME = "$(TARGET_NAME)";
				SWIFT_VERSION = 5.0;
				TARGETED_DEVICE_FAMILY = "1,2";
				TEST_TARGET_NAME = app;
			};
			name = Debug;
		};
		EA9B028724027DDF006A5760 /* Release */ = {
			isa = XCBuildConfiguration;
			buildSettings = {
				ALWAYS_EMBED_SWIFT_STANDARD_LIBRARIES = YES;
				CODE_SIGN_STYLE = Automatic;
				DEVELOPMENT_TEAM = ETVWL5X8T9;
				INFOPLIST_FILE = appUITests/Info.plist;
				LD_RUNPATH_SEARCH_PATHS = (
					"$(inherited)",
					"@executable_path/Frameworks",
					"@loader_path/Frameworks",
				);
				PRODUCT_BUNDLE_IDENTIFIER = moe.key.yao.mqtt.appUITests;
				PRODUCT_NAME = "$(TARGET_NAME)";
				SWIFT_VERSION = 5.0;
				TARGETED_DEVICE_FAMILY = "1,2";
				TEST_TARGET_NAME = app;
			};
			name = Release;
		};
/* End XCBuildConfiguration section */

/* Begin XCConfigurationList section */
		EA9B025224027DDD006A5760 /* Build configuration list for PBXProject "app" */ = {
			isa = XCConfigurationList;
			buildConfigurations = (
				EA9B027D24027DDF006A5760 /* Debug */,
				EA9B027E24027DDF006A5760 /* Release */,
			);
			defaultConfigurationIsVisible = 0;
			defaultConfigurationName = Release;
		};
		EA9B027F24027DDF006A5760 /* Build configuration list for PBXNativeTarget "app" */ = {
			isa = XCConfigurationList;
			buildConfigurations = (
				EA9B028024027DDF006A5760 /* Debug */,
				EA9B028124027DDF006A5760 /* Release */,
			);
			defaultConfigurationIsVisible = 0;
			defaultConfigurationName = Release;
		};
		EA9B028224027DDF006A5760 /* Build configuration list for PBXNativeTarget "appTests" */ = {
			isa = XCConfigurationList;
			buildConfigurations = (
				EA9B028324027DDF006A5760 /* Debug */,
				EA9B028424027DDF006A5760 /* Release */,
			);
			defaultConfigurationIsVisible = 0;
			defaultConfigurationName = Release;
		};
		EA9B028524027DDF006A5760 /* Build configuration list for PBXNativeTarget "appUITests" */ = {
			isa = XCConfigurationList;
			buildConfigurations = (
				EA9B028624027DDF006A5760 /* Debug */,
				EA9B028724027DDF006A5760 /* Release */,
			);
			defaultConfigurationIsVisible = 0;
			defaultConfigurationName = Release;
		};
/* End XCConfigurationList section */
	};
	rootObject = EA9B024F24027DDD006A5760 /* Project object */;
}
